
Microsoft Visual Studio Solution File, Format Version 12.00
# Visual Studio 14
VisualStudioVersion = 14.0.25420.1
MinimumVisualStudioVersion = 10.0.40219.1
Project("{FAE04EC0-301F-11D3-BF4B-00C04F79EFBC}") = "eyeSign", "eyeSign\eyeSign.csproj", "{D70B4182-94BA-44AF-A862-862BC5A062BE}"
EndProject
Project("{F2A71F9B-5D33-465A-A702-920D77279786}") = "uarm", "..\robot\uarm\uarm.fsproj", "{CC50CCEE-5607-4A07-A5AD-CBEB3BBAE3A2}"
EndProject
Global
	GlobalSection(SolutionConfigurationPlatforms) = preSolution
		Debug|Any CPU = Debug|Any CPU
		Release|Any CPU = Release|Any CPU
	EndGlobalSection
	GlobalSection(ProjectConfigurationPlatforms) = postSolution
		{D70B4182-94BA-44AF-A862-862BC5A062BE}.Debug|Any CPU.ActiveCfg = Debug|Any CPU
		{D70B4182-94BA-44AF-A862-862BC5A062BE}.Debug|Any CPU.Build.0 = Debug|Any CPU
		{D70B4182-94BA-44AF-A862-862BC5A062BE}.Release|Any CPU.ActiveCfg = Release|Any CPU
		{D70B4182-94BA-44AF-A862-862BC5A062BE}.Release|Any CPU.Build.0 = Release|Any CPU
		{CC50CCEE-5607-4A07-A5AD-CBEB3BBAE3A2}.Debug|Any CPU.ActiveCfg = Debug|Any CPU
		{CC50CCEE-5607-4A07-A5AD-CBEB3BBAE3A2}.Debug|Any CPU.Build.0 = Debug|Any CPU
		{CC50CCEE-5607-4A07-A5AD-CBEB3BBAE3A2}.Release|Any CPU.ActiveCfg = Release|Any CPU
		{CC50CCEE-5607-4A07-A5AD-CBEB3BBAE3A2}.Release|Any CPU.Build.0 = Release|Any CPU
	EndGlobalSection
	GlobalSection(SolutionProperties) = preSolution
		HideSolutionNode = FALSE
	EndGlobalSection
EndGlobal
